// !$*UTF8*$!
{
	archiveVersion = 1;
	classes = {
	};
	objectVersion = 56;
	objects = {

/* Begin PBXBuildFile section */
		AAAAAAAAAAAAAAAAAAAAAA20 /* AppDelegate.swift in Sources */ = {isa = PBXBuildFile; fileRef = AAAAAAAAAAAAAAAAAAAAAA11 /* AppDelegate.swift */; };
		AAAAAAAAAAAAAAAAAAAAAA21 /* MultitouchManager.swift in Sources */ = {isa = PBXBuildFile; fileRef = AAAAAAAAAAAAAAAAAAAAAA12 /* MultitouchManager.swift */; };
		AAAAAAAAAAAAAAAAAAAAAA22 /* ClickSimulator.swift in Sources */ = {isa = PBXBuildFile; fileRef = AAAAAAAAAAAAAAAAAAAAAA13 /* ClickSimulator.swift */; };
		AAAAAAAAAAAAAAAAAAAAAA23 /* MultitouchBridge.m in Sources */ = {isa = PBXBuildFile; fileRef = AAAAAAAAAAAAAAAAAAAAAA15 /* MultitouchBridge.m */; };
		AAAAAAAAAAAAAAAAAAAAAA24 /* Assets.xcassets in Resources */ = {isa = PBXBuildFile; fileRef = AAAAAAAAAAAAAAAAAAAAAA1A /* Assets.xcassets */; };
		AAAAAAAAAAAAAAAAAAAAAA25 /* main.swift in Sources */ = {isa = PBXBuildFile; fileRef = AAAAAAAAAAAAAAAAAAAAAA1B /* main.swift */; };
/* End PBXBuildFile section */

/* Begin PBXFileReference section */
		AAAAAAAAAAAAAAAAAAAAAA10 /* MiddleClick.app */ = {isa = PBXFileReference; explicitFileType = wrapper.application; includeInIndex = 0; path = MiddleClick.app; sourceTree = BUILT_PRODUCTS_DIR; };
		AAAAAAAAAAAAAAAAAAAAAA11 /* AppDelegate.swift */ = {isa = PBXFileReference; lastKnownFileType = sourcecode.swift; path = AppDelegate.swift; sourceTree = "<group>"; };
		AAAAAAAAAAAAAAAAAAAAAA12 /* MultitouchManager.swift */ = {isa = PBXFileReference; lastKnownFileType = sourcecode.swift; path = MultitouchManager.swift; sourceTree = "<group>"; };
		AAAAAAAAAAAAAAAAAAAAAA13 /* ClickSimulator.swift */ = {isa = PBXFileReference; lastKnownFileType = sourcecode.swift; path = ClickSimulator.swift; sourceTree = "<group>"; };
		AAAAAAAAAAAAAAAAAAAAAA14 /* MultitouchBridge.h */ = {isa = PBXFileReference; lastKnownFileType = sourcecode.c.h; path = MultitouchBridge.h; sourceTree = "<group>"; };
		AAAAAAAAAAAAAAAAAAAAAA15 /* MultitouchBridge.m */ = {isa = PBXFileReference; lastKnownFileType = sourcecode.c.objc; path = MultitouchBridge.m; sourceTree = "<group>"; };
		AAAAAAAAAAAAAAAAAAAAAA16 /* MultitouchSupport.h */ = {isa = PBXFileReference; lastKnownFileType = sourcecode.c.h; path = MultitouchSupport.h; sourceTree = "<group>"; };
		AAAAAAAAAAAAAAAAAAAAAA17 /* MiddleClick-Bridging-Header.h */ = {isa = PBXFileReference; lastKnownFileType = sourcecode.c.h; path = "MiddleClick-Bridging-Header.h"; sourceTree = "<group>"; };
		AAAAAAAAAAAAAAAAAAAAAA18 /* Info.plist */ = {isa = PBXFileReference; lastKnownFileType = text.plist.xml; path = Info.plist; sourceTree = "<group>"; };
		AAAAAAAAAAAAAAAAAAAAAA19 /* MiddleClick.entitlements */ = {isa = PBXFileReference; lastKnownFileType = text.plist.entitlements; path = MiddleClick.entitlements; sourceTree = "<group>"; };
		AAAAAAAAAAAAAAAAAAAAAA1A /* Assets.xcassets */ = {isa = PBXFileReference; lastKnownFileType = folder.assetcatalog; path = Assets.xcassets; sourceTree = "<group>"; };
		AAAAAAAAAAAAAAAAAAAAAA1B /* main.swift */ = {isa = PBXFileReference; lastKnownFileType = sourcecode.swift; path = main.swift; sourceTree = "<group>"; };
/* End PBXFileReference section */

/* Begin PBXFrameworksBuildPhase section */
		AAAAAAAAAAAAAAAAAAAAAA0D /* Frameworks */ = {
			isa = PBXFrameworksBuildPhase;
			buildActionMask = 2147483647;
			files = (
			);
			runOnlyForDeploymentPostprocessing = 0;
		};
/* End PBXFrameworksBuildPhase section */

/* Begin PBXGroup section */
		AAAAAAAAAAAAAAAAAAAAAA02 /* MiddleClick */ = {
			isa = PBXGroup;
			children = (
				AAAAAAAAAAAAAAAAAAAAAA03 /* MiddleClick */,
				AAAAAAAAAAAAAAAAAAAAAA04 /* Products */,
			);
			sourceTree = "<group>";
		};
		AAAAAAAAAAAAAAAAAAAAAA03 /* MiddleClick */ = {
			isa = PBXGroup;
			children = (
				AAAAAAAAAAAAAAAAAAAAAA1B /* main.swift */,
				AAAAAAAAAAAAAAAAAAAAAA11 /* AppDelegate.swift */,
				AAAAAAAAAAAAAAAAAAAAAA12 /* MultitouchManager.swift */,
				AAAAAAAAAAAAAAAAAAAAAA13 /* ClickSimulator.swift */,
				AAAAAAAAAAAAAAAAAAAAAA14 /* MultitouchBridge.h */,
				AAAAAAAAAAAAAAAAAAAAAA15 /* MultitouchBridge.m */,
				AAAAAAAAAAAAAAAAAAAAAA16 /* MultitouchSupport.h */,
				AAAAAAAAAAAAAAAAAAAAAA17 /* MiddleClick-Bridging-Header.h */,
				AAAAAAAAAAAAAAAAAAAAAA18 /* Info.plist */,
				AAAAAAAAAAAAAAAAAAAAAA19 /* MiddleClick.entitlements */,
				AAAAAAAAAAAAAAAAAAAAAA1A /* Assets.xcassets */,
			);
			path = MiddleClick;
			sourceTree = "<group>";
		};
		AAAAAAAAAAAAAAAAAAAAAA04 /* Products */ = {
			isa = PBXGroup;
			children = (
				AAAAAAAAAAAAAAAAAAAAAA10 /* MiddleClick.app */,
			);
			name = Products;
			sourceTree = "<group>";
		};
/* End PBXGroup section */

/* Begin PBXNativeTarget section */
		AAAAAAAAAAAAAAAAAAAAAA05 /* MiddleClick */ = {
			isa = PBXNativeTarget;
			buildConfigurationList = AAAAAAAAAAAAAAAAAAAAAA07 /* Build configuration list for PBXNativeTarget "MiddleClick" */;
			buildPhases = (
				AAAAAAAAAAAAAAAAAAAAAA0C /* Sources */,
				AAAAAAAAAAAAAAAAAAAAAA0D /* Frameworks */,
				AAAAAAAAAAAAAAAAAAAAAA0E /* Resources */,
			);
			buildRules = (
			);
			dependencies = (
			);
			name = MiddleClick;
			productName = MiddleClick;
			productReference = AAAAAAAAAAAAAAAAAAAAAA10 /* MiddleClick.app */;
			productType = "com.apple.product-type.application";
		};
/* End PBXNativeTarget section */

/* Begin PBXProject section */
		AAAAAAAAAAAAAAAAAAAAAA01 /* Project object */ = {
			isa = PBXProject;
			attributes = {
				BuildIndependentTargetsInParallel = 1;
				LastSwiftUpdateCheck = 1500;
				LastUpgradeCheck = 1500;
				TargetAttributes = {
					AAAAAAAAAAAAAAAAAAAAAA05 = {
						CreatedOnToolsVersion = 15.0;
					};
				};
			};
			buildConfigurationList = AAAAAAAAAAAAAAAAAAAAAA06 /* Build configuration list for PBXProject "MiddleClick" */;
			compatibilityVersion = "Xcode 14.0";
			developmentRegion = en;
			hasScannedForEncodings = 0;
			knownRegions = (
				en,
				Base,
			);
			mainGroup = AAAAAAAAAAAAAAAAAAAAAA02;
			productRefGroup = AAAAAAAAAAAAAAAAAAAAAA04 /* Products */;
			projectDirPath = "";
			projectRoot = "";
			targets = (
				AAAAAAAAAAAAAAAAAAAAAA05 /* MiddleClick */,
			);
		};
/* End PBXProject section */

/* Begin PBXResourcesBuildPhase section */
		AAAAAAAAAAAAAAAAAAAAAA0E /* Resources */ = {
			isa = PBXResourcesBuildPhase;
			buildActionMask = 2147483647;
			files = (
				AAAAAAAAAAAAAAAAAAAAAA24 /* Assets.xcassets in Resources */,
			);
			runOnlyForDeploymentPostprocessing = 0;
		};
/* End PBXResourcesBuildPhase section */

/* Begin PBXSourcesBuildPhase section */
		AAAAAAAAAAAAAAAAAAAAAA0C /* Sources */ = {
			isa = PBXSourcesBuildPhase;
			buildActionMask = 2147483647;
			files = (
				AAAAAAAAAAAAAAAAAAAAAA25 /* main.swift in Sources */,
				AAAAAAAAAAAAAAAAAAAAAA20 /* AppDelegate.swift in Sources */,
				AAAAAAAAAAAAAAAAAAAAAA21 /* MultitouchManager.swift in Sources */,
				AAAAAAAAAAAAAAAAAAAAAA22 /* ClickSimulator.swift in Sources */,
				AAAAAAAAAAAAAAAAAAAAAA23 /* MultitouchBridge.m in Sources */,
			);
			runOnlyForDeploymentPostprocessing = 0;
		};
/* End PBXSourcesBuildPhase section */

/* Begin XCBuildConfiguration section */
		AAAAAAAAAAAAAAAAAAAAAA08 /* Debug */ = {
			isa = XCBuildConfiguration;
			buildSettings = {
				ALWAYS_SEARCH_USER_PATHS = NO;
				CLANG_ANALYZER_NONNULL = YES;
				CLANG_ANALYZER_NUMBER_OBJECT_CONVERSION = YES_AGGRESSIVE;
				CLANG_CXX_LANGUAGE_STANDARD = "gnu++20";
				CLANG_ENABLE_MODULES = YES;
				CLANG_ENABLE_OBJC_ARC = YES;
				CLANG_ENABLE_OBJC_WEAK = YES;
				CLANG_WARN_BLOCK_CAPTURE_AUTORELEASING = YES;
				CLANG_WARN_BOOL_CONVERSION = YES;
				CLANG_WARN_COMMA = YES;
				CLANG_WARN_CONSTANT_CONVERSION = YES;
				CLANG_WARN_DEPRECATED_OBJC_IMPLEMENTATIONS = YES;
				CLANG_WARN_DIRECT_OBJC_ISA_USAGE = YES_ERROR;
				CLANG_WARN_DOCUMENTATION_COMMENTS = YES;
				CLANG_WARN_EMPTY_BODY = YES;
				CLANG_WARN_ENUM_CONVERSION = YES;
				CLANG_WARN_INFINITE_RECURSION = YES;
				CLANG_WARN_INT_CONVERSION = YES;
				CLANG_WARN_NON_LITERAL_NULL_CONVERSION = YES;
				CLANG_WARN_OBJC_IMPLICIT_RETAIN_CYCLE = YES;
				CLANG_WARN_OBJC_LITERAL_CONVERSION = YES;
				CLANG_WARN_OBJC_ROOT_CLASS = YES_ERROR;
				CLANG_WARN_QUOTED_INCLUDE_IN_FRAMEWORK_HEADER = YES;
				CLANG_WARN_RANGE_LOOP_ANALYSIS = YES;
				CLANG_WARN_STRICT_PROTOTYPES = YES;
				CLANG_WARN_SUSPICIOUS_MOVE = YES;
				CLANG_WARN_UNGUARDED_AVAILABILITY = YES_AGGRESSIVE;
				CLANG_WARN_UNREACHABLE_CODE = YES;
				CLANG_WARN__DUPLICATE_METHOD_MATCH = YES;
				COPY_PHASE_STRIP = NO;
				DEBUG_INFORMATION_FORMAT = dwarf;
				ENABLE_STRICT_OBJC_MSGSEND = YES;
				ENABLE_TESTABILITY = YES;
				GCC_C_LANGUAGE_STANDARD = gnu17;
				GCC_DYNAMIC_NO_PIC = NO;
				GCC_NO_COMMON_BLOCKS = YES;
				GCC_OPTIMIZATION_LEVEL = 0;
				GCC_PREPROCESSOR_DEFINITIONS = (
					"DEBUG=1",
					"$(inherited)",
				);
				GCC_WARN_64_TO_32_BIT_CONVERSION = YES;
				GCC_WARN_ABOUT_RETURN_TYPE = YES_ERROR;
				GCC_WARN_UNDECLARED_SELECTOR = YES;
				GCC_WARN_UNINITIALIZED_AUTOS = YES_AGGRESSIVE;
				GCC_WARN_UNUSED_FUNCTION = YES;
				GCC_WARN_UNUSED_VARIABLE = YES;
				MACOSX_DEPLOYMENT_TARGET = 12.0;
				MTL_ENABLE_DEBUG_INFO = INCLUDE_SOURCE;
				MTL_FAST_MATH = YES;
				ONLY_ACTIVE_ARCH = YES;
				SDKROOT = macosx;
				SWIFT_ACTIVE_COMPILATION_CONDITIONS = DEBUG;
				SWIFT_OPTIMIZATION_LEVEL = "-Onone";
			};
			name = Debug;
		};
		AAAAAAAAAAAAAAAAAAAAAA09 /* Release */ = {
			isa = XCBuildConfiguration;
			buildSettings = {
				ALWAYS_SEARCH_USER_PATHS = NO;
				CLANG_ANALYZER_NONNULL = YES;
				CLANG_ANALYZER_NUMBER_OBJECT_CONVERSION = YES_AGGRESSIVE;
				CLANG_CXX_LANGUAGE_STANDARD = "gnu++20";
				CLANG_ENABLE_MODULES = YES;
				CLANG_ENABLE_OBJC_ARC = YES;
				CLANG_ENABLE_OBJC_WEAK = YES;
				CLANG_WARN_BLOCK_CAPTURE_AUTORELEASING = YES;
				CLANG_WARN_BOOL_CONVERSION = YES;
				CLANG_WARN_COMMA = YES;
				CLANG_WARN_CONSTANT_CONVERSION = YES;
				CLANG_WARN_DEPRECATED_OBJC_IMPLEMENTATIONS = YES;
				CLANG_WARN_DIRECT_OBJC_ISA_USAGE = YES_ERROR;
				CLANG_WARN_DOCUMENTATION_COMMENTS = YES;
				CLANG_WARN_EMPTY_BODY = YES;
				CLANG_WARN_ENUM_CONVERSION = YES;
				CLANG_WARN_INFINITE_RECURSION = YES;
				CLANG_WARN_INT_CONVERSION = YES;
				CLANG_WARN_NON_LITERAL_NULL_CONVERSION = YES;
				CLANG_WARN_OBJC_IMPLICIT_RETAIN_CYCLE = YES;
				CLANG_WARN_OBJC_LITERAL_CONVERSION = YES;
				CLANG_WARN_OBJC_ROOT_CLASS = YES_ERROR;
				CLANG_WARN_QUOTED_INCLUDE_IN_FRAMEWORK_HEADER = YES;
				CLANG_WARN_RANGE_LOOP_ANALYSIS = YES;
				CLANG_WARN_STRICT_PROTOTYPES = YES;
				CLANG_WARN_SUSPICIOUS_MOVE = YES;
				CLANG_WARN_UNGUARDED_AVAILABILITY = YES_AGGRESSIVE;
				CLANG_WARN_UNREACHABLE_CODE = YES;
				CLANG_WARN__DUPLICATE_METHOD_MATCH = YES;
				COPY_PHASE_STRIP = NO;
				DEBUG_INFORMATION_FORMAT = "dwarf-with-dsym";
				ENABLE_NS_ASSERTIONS = NO;
				ENABLE_STRICT_OBJC_MSGSEND = YES;
				GCC_C_LANGUAGE_STANDARD = gnu17;
				GCC_NO_COMMON_BLOCKS = YES;
				GCC_WARN_64_TO_32_BIT_CONVERSION = YES;
				GCC_WARN_ABOUT_RETURN_TYPE = YES_ERROR;
				GCC_WARN_UNDECLARED_SELECTOR = YES;
				GCC_WARN_UNINITIALIZED_AUTOS = YES_AGGRESSIVE;
				GCC_WARN_UNUSED_FUNCTION = YES;
				GCC_WARN_UNUSED_VARIABLE = YES;
				MACOSX_DEPLOYMENT_TARGET = 12.0;
				MTL_FAST_MATH = YES;
				SDKROOT = macosx;
				SWIFT_COMPILATION_MODE = wholemodule;
				SWIFT_OPTIMIZATION_LEVEL = "-O";
			};
			name = Release;
		};
		AAAAAAAAAAAAAAAAAAAAAA0A /* Debug */ = {
			isa = XCBuildConfiguration;
			buildSettings = {
				ASSETCATALOG_COMPILER_APPICON_NAME = AppIcon;
				ASSETCATALOG_COMPILER_GLOBAL_ACCENT_COLOR_NAME = AccentColor;
				CODE_SIGN_ENTITLEMENTS = "MiddleClick/MiddleClick.entitlements";
				CODE_SIGN_STYLE = Automatic;
				COMBINE_HIDPI_IMAGES = YES;
				CURRENT_PROJECT_VERSION = 1;
				ENABLE_HARDENED_RUNTIME = NO;
				GENERATE_INFOPLIST_FILE = NO;
				INFOPLIST_FILE = "MiddleClick/Info.plist";
				LD_RUNPATH_SEARCH_PATHS = (
					"$(inherited)",
					"@executable_path/../Frameworks",
				);
				MARKETING_VERSION = 1.0;
				OTHER_LDFLAGS = (
					"-F/System/Library/PrivateFrameworks",
					"-framework",
					MultitouchSupport,
				);
				PRODUCT_BUNDLE_IDENTIFIER = com.lillo.MiddleClick;
				PRODUCT_NAME = "$(TARGET_NAME)";
				SWIFT_EMIT_LOC_STRINGS = YES;
				SWIFT_OBJC_BRIDGING_HEADER = "MiddleClick/MiddleClick-Bridging-Header.h";
				SWIFT_VERSION = 5.0;
			};
			name = Debug;
		};
		AAAAAAAAAAAAAAAAAAAAAA0B /* Release */ = {
			isa = XCBuildConfiguration;
			buildSettings = {
				ASSETCATALOG_COMPILER_APPICON_NAME = AppIcon;
				ASSETCATALOG_COMPILER_GLOBAL_ACCENT_COLOR_NAME = AccentColor;
				CODE_SIGN_ENTITLEMENTS = "MiddleClick/MiddleClick.entitlements";
				CODE_SIGN_STYLE = Automatic;
				COMBINE_HIDPI_IMAGES = YES;
				CURRENT_PROJECT_VERSION = 1;
				ENABLE_HARDENED_RUNTIME = NO;
				GENERATE_INFOPLIST_FILE = NO;
				INFOPLIST_FILE = "MiddleClick/Info.plist";
				LD_RUNPATH_SEARCH_PATHS = (
					"$(inherited)",
					"@executable_path/../Frameworks",
				);
				MARKETING_VERSION = 1.0;
				OTHER_LDFLAGS = (
					"-F/System/Library/PrivateFrameworks",
					"-framework",
					MultitouchSupport,
				);
				PRODUCT_BUNDLE_IDENTIFIER = com.lillo.MiddleClick;
				PRODUCT_NAME = "$(TARGET_NAME)";
				SWIFT_EMIT_LOC_STRINGS = YES;
				SWIFT_OBJC_BRIDGING_HEADER = "MiddleClick/MiddleClick-Bridging-Header.h";
				SWIFT_VERSION = 5.0;
			};
			name = Release;
		};
/* End XCBuildConfiguration section */

/* Begin XCConfigurationList section */
		AAAAAAAAAAAAAAAAAAAAAA06 /* Build configuration list for PBXProject "MiddleClick" */ = {
			isa = XCConfigurationList;
			buildConfigurations = (
				AAAAAAAAAAAAAAAAAAAAAA08 /* Debug */,
				AAAAAAAAAAAAAAAAAAAAAA09 /* Release */,
			);
			defaultConfigurationIsVisible = 0;
			defaultConfigurationName = Release;
		};
		AAAAAAAAAAAAAAAAAAAAAA07 /* Build configuration list for PBXNativeTarget "MiddleClick" */ = {
			isa = XCConfigurationList;
			buildConfigurations = (
				AAAAAAAAAAAAAAAAAAAAAA0A /* Debug */,
				AAAAAAAAAAAAAAAAAAAAAA0B /* Release */,
			);
			defaultConfigurationIsVisible = 0;
			defaultConfigurationName = Release;
		};
/* End XCConfigurationList section */
	};
	rootObject = AAAAAAAAAAAAAAAAAAAAAA01 /* Project object */;
}
